Microsoft Visual Studio Solution File, Format Version 12.00
# Visual Studio 2012
Project("{FAE04EC0-301F-11D3-BF4B-00C04F79EFBC}") = "ProjectA", "ProjectA.csproj", "{6E37F183-EC62-4744-8D4B-A4CC07F8AD6F}"
EndProject
Global
	GlobalSection(SolutionConfigurationPlatforms) = preSolution
	Debug|Any CPU = Debug|Any CPU
	ExportDebug|Any CPU = ExportDebug|Any CPU
	ExportRelease|Any CPU = ExportRelease|Any CPU
	EndGlobalSection
	GlobalSection(ProjectConfigurationPlatforms) = postSolution
		{6E37F183-EC62-4744-8D4B-A4CC07F8AD6F}.Debug|Any CPU.ActiveCfg = Debug|Any CPU
		{6E37F183-EC62-4744-8D4B-A4CC07F8AD6F}.Debug|Any CPU.Build.0 = Debug|Any CPU
		{6E37F183-EC62-4744-8D4B-A4CC07F8AD6F}.ExportDebug|Any CPU.ActiveCfg = ExportDebug|Any CPU
		{6E37F183-EC62-4744-8D4B-A4CC07F8AD6F}.ExportDebug|Any CPU.Build.0 = ExportDebug|Any CPU
		{6E37F183-EC62-4744-8D4B-A4CC07F8AD6F}.ExportRelease|Any CPU.ActiveCfg = ExportRelease|Any CPU
		{6E37F183-EC62-4744-8D4B-A4CC07F8AD6F}.ExportRelease|Any CPU.Build.0 = ExportRelease|Any CPU
	EndGlobalSection
EndGlobal
